
Microsoft Visual Studio Solution File, Format Version 12.00
# Visual Studio 15
VisualStudioVersion = 15.0.27004.2002
MinimumVisualStudioVersion = 10.0.40219.1
Project("{8BC9CEB8-8B4A-11D0-8D11-00A0C91BC942}") = "struct_list", "struct_list\struct_list.vcxproj", "{88CD914C-3F2D-4B60-AECB-01C5FC944075}"
EndProject
Global
	GlobalSection(SolutionConfigurationPlatforms) = preSolution
		Debug|x64 = Debug|x64
		Debug|x86 = Debug|x86
		Release|x64 = Release|x64
		Release|x86 = Release|x86
	EndGlobalSection
	GlobalSection(ProjectConfigurationPlatforms) = postSolution
		{88CD914C-3F2D-4B60-AECB-01C5FC944075}.Debug|x64.ActiveCfg = Debug|x64
		{88CD914C-3F2D-4B60-AECB-01C5FC944075}.Debug|x64.Build.0 = Debug|x64
		{88CD914C-3F2D-4B60-AECB-01C5FC944075}.Debug|x86.ActiveCfg = Debug|Win32
		{88CD914C-3F2D-4B60-AECB-01C5FC944075}.Debug|x86.Build.0 = Debug|Win32
		{88CD914C-3F2D-4B60-AECB-01C5FC944075}.Release|x64.ActiveCfg = Release|x64
		{88CD914C-3F2D-4B60-AECB-01C5FC944075}.Release|x64.Build.0 = Release|x64
		{88CD914C-3F2D-4B60-AECB-01C5FC944075}.Release|x86.ActiveCfg = Release|Win32
		{88CD914C-3F2D-4B60-AECB-01C5FC944075}.Release|x86.Build.0 = Release|Win32
	EndGlobalSection
	GlobalSection(SolutionProperties) = preSolution
		HideSolutionNode = FALSE
	EndGlobalSection
	GlobalSection(ExtensibilityGlobals) = postSolution
		SolutionGuid = {CB3CBB42-214A-4031-9EC1-0DDF6F408618}
	EndGlobalSection
EndGlobal
