
Microsoft Visual Studio Solution File, Format Version 12.00
# Visual Studio 15
VisualStudioVersion = 15.0.27004.2002
MinimumVisualStudioVersion = 10.0.40219.1
Project("{8BC9CEB8-8B4A-11D0-8D11-00A0C91BC942}") = "Project3", "Project3\Project3.vcxproj", "{1328BC45-86EB-4037-8200-B95E16B4DCCF}"
EndProject
Global
	GlobalSection(SolutionConfigurationPlatforms) = preSolution
		Debug|x64 = Debug|x64
		Debug|x86 = Debug|x86
		Release|x64 = Release|x64
		Release|x86 = Release|x86
	EndGlobalSection
	GlobalSection(ProjectConfigurationPlatforms) = postSolution
		{1328BC45-86EB-4037-8200-B95E16B4DCCF}.Debug|x64.ActiveCfg = Debug|x64
		{1328BC45-86EB-4037-8200-B95E16B4DCCF}.Debug|x64.Build.0 = Debug|x64
		{1328BC45-86EB-4037-8200-B95E16B4DCCF}.Debug|x86.ActiveCfg = Debug|Win32
		{1328BC45-86EB-4037-8200-B95E16B4DCCF}.Debug|x86.Build.0 = Debug|Win32
		{1328BC45-86EB-4037-8200-B95E16B4DCCF}.Release|x64.ActiveCfg = Release|x64
		{1328BC45-86EB-4037-8200-B95E16B4DCCF}.Release|x64.Build.0 = Release|x64
		{1328BC45-86EB-4037-8200-B95E16B4DCCF}.Release|x86.ActiveCfg = Release|Win32
		{1328BC45-86EB-4037-8200-B95E16B4DCCF}.Release|x86.Build.0 = Release|Win32
	EndGlobalSection
	GlobalSection(SolutionProperties) = preSolution
		HideSolutionNode = FALSE
	EndGlobalSection
	GlobalSection(ExtensibilityGlobals) = postSolution
		SolutionGuid = {4AE40289-865F-486E-B3E8-37945F841E5C}
	EndGlobalSection
EndGlobal
