
Microsoft Visual Studio Solution File, Format Version 12.00
# Visual Studio 15
VisualStudioVersion = 15.0.27004.2002
MinimumVisualStudioVersion = 10.0.40219.1
Project("{8BC9CEB8-8B4A-11D0-8D11-00A0C91BC942}") = "Matrix", "Matrix\Matrix.vcxproj", "{CACC7EED-0299-4E50-8F05-CC598DCD3BFA}"
EndProject
Global
	GlobalSection(SolutionConfigurationPlatforms) = preSolution
		Debug|x64 = Debug|x64
		Debug|x86 = Debug|x86
		Release|x64 = Release|x64
		Release|x86 = Release|x86
	EndGlobalSection
	GlobalSection(ProjectConfigurationPlatforms) = postSolution
		{CACC7EED-0299-4E50-8F05-CC598DCD3BFA}.Debug|x64.ActiveCfg = Debug|x64
		{CACC7EED-0299-4E50-8F05-CC598DCD3BFA}.Debug|x64.Build.0 = Debug|x64
		{CACC7EED-0299-4E50-8F05-CC598DCD3BFA}.Debug|x86.ActiveCfg = Debug|Win32
		{CACC7EED-0299-4E50-8F05-CC598DCD3BFA}.Debug|x86.Build.0 = Debug|Win32
		{CACC7EED-0299-4E50-8F05-CC598DCD3BFA}.Release|x64.ActiveCfg = Release|x64
		{CACC7EED-0299-4E50-8F05-CC598DCD3BFA}.Release|x64.Build.0 = Release|x64
		{CACC7EED-0299-4E50-8F05-CC598DCD3BFA}.Release|x86.ActiveCfg = Release|Win32
		{CACC7EED-0299-4E50-8F05-CC598DCD3BFA}.Release|x86.Build.0 = Release|Win32
	EndGlobalSection
	GlobalSection(SolutionProperties) = preSolution
		HideSolutionNode = FALSE
	EndGlobalSection
	GlobalSection(ExtensibilityGlobals) = postSolution
		SolutionGuid = {0173CC05-9778-49A3-8F62-BB9A3A09C523}
	EndGlobalSection
EndGlobal
